
Microsoft Visual Studio Solution File, Format Version 12.00
# Visual Studio Version 17
VisualStudioVersion = 17.3.32825.248
MinimumVisualStudioVersion = 10.0.40219.1
Project("{FAE04EC0-301F-11D3-BF4B-00C04F79EFBC}") = "Characters.UnitTests", "src\Services\Character\Character.UnitTests\Characters.UnitTests.csproj", "{EDA3DD74-46CC-4E2C-9FBF-2F17F1D7D4B7}"
EndProject
Project("{9A19103F-16F7-4668-BE54-9A1E7A4F7556}") = "Characters.API", "src\Services\Character\Character.API\Characters.API.csproj", "{FA6D7768-2C4E-4179-B7A6-509D70FA53A3}"
EndProject
Global
	GlobalSection(SolutionConfigurationPlatforms) = preSolution
		Debug|Any CPU = Debug|Any CPU
		Release|Any CPU = Release|Any CPU
	EndGlobalSection
	GlobalSection(ProjectConfigurationPlatforms) = postSolution
		{EDA3DD74-46CC-4E2C-9FBF-2F17F1D7D4B7}.Debug|Any CPU.ActiveCfg = Debug|Any CPU
		{EDA3DD74-46CC-4E2C-9FBF-2F17F1D7D4B7}.Debug|Any CPU.Build.0 = Debug|Any CPU
		{EDA3DD74-46CC-4E2C-9FBF-2F17F1D7D4B7}.Release|Any CPU.ActiveCfg = Release|Any CPU
		{EDA3DD74-46CC-4E2C-9FBF-2F17F1D7D4B7}.Release|Any CPU.Build.0 = Release|Any CPU
		{FA6D7768-2C4E-4179-B7A6-509D70FA53A3}.Debug|Any CPU.ActiveCfg = Debug|Any CPU
		{FA6D7768-2C4E-4179-B7A6-509D70FA53A3}.Debug|Any CPU.Build.0 = Debug|Any CPU
		{FA6D7768-2C4E-4179-B7A6-509D70FA53A3}.Release|Any CPU.ActiveCfg = Release|Any CPU
		{FA6D7768-2C4E-4179-B7A6-509D70FA53A3}.Release|Any CPU.Build.0 = Release|Any CPU
	EndGlobalSection
	GlobalSection(SolutionProperties) = preSolution
		HideSolutionNode = FALSE
	EndGlobalSection
	GlobalSection(ExtensibilityGlobals) = postSolution
		SolutionGuid = {0111C42C-4DB2-453C-9713-096707DC4979}
	EndGlobalSection
EndGlobal
