
Microsoft Visual Studio Solution File, Format Version 12.00
# Visual Studio Version 17
VisualStudioVersion = 17.3.32825.248
MinimumVisualStudioVersion = 10.0.40219.1
Project("{9A19103F-16F7-4668-BE54-9A1E7A4F7556}") = "Characters.API", "src\Services\Characters\Characters.API\Characters.API.csproj", "{C6697AA7-A305-4341-9815-AE28FABC967A}"
EndProject
Project("{9A19103F-16F7-4668-BE54-9A1E7A4F7556}") = "Characters.UnitTests", "src\Services\Characters\Characters.UnitTests\Characters.UnitTests.csproj", "{CFC5C364-C7C6-4DEB-B453-B837EB0E235E}"
EndProject
Global
	GlobalSection(SolutionConfigurationPlatforms) = preSolution
		Debug|Any CPU = Debug|Any CPU
		Release|Any CPU = Release|Any CPU
	EndGlobalSection
	GlobalSection(ProjectConfigurationPlatforms) = postSolution
		{C6697AA7-A305-4341-9815-AE28FABC967A}.Debug|Any CPU.ActiveCfg = Debug|Any CPU
		{C6697AA7-A305-4341-9815-AE28FABC967A}.Debug|Any CPU.Build.0 = Debug|Any CPU
		{C6697AA7-A305-4341-9815-AE28FABC967A}.Release|Any CPU.ActiveCfg = Release|Any CPU
		{C6697AA7-A305-4341-9815-AE28FABC967A}.Release|Any CPU.Build.0 = Release|Any CPU
		{CFC5C364-C7C6-4DEB-B453-B837EB0E235E}.Debug|Any CPU.ActiveCfg = Debug|Any CPU
		{CFC5C364-C7C6-4DEB-B453-B837EB0E235E}.Debug|Any CPU.Build.0 = Debug|Any CPU
		{CFC5C364-C7C6-4DEB-B453-B837EB0E235E}.Release|Any CPU.ActiveCfg = Release|Any CPU
		{CFC5C364-C7C6-4DEB-B453-B837EB0E235E}.Release|Any CPU.Build.0 = Release|Any CPU
	EndGlobalSection
	GlobalSection(SolutionProperties) = preSolution
		HideSolutionNode = FALSE
	EndGlobalSection
	GlobalSection(ExtensibilityGlobals) = postSolution
		SolutionGuid = {0111C42C-4DB2-453C-9713-096707DC4979}
	EndGlobalSection
EndGlobal
